
Microsoft Visual Studio Solution File, Format Version 12.00
# Visual Studio Version 16
VisualStudioVersion = 16.0.31729.503
MinimumVisualStudioVersion = 10.0.40219.1
Project("{FAE04EC0-301F-11D3-BF4B-00C04F79EFBC}") = "SDSP", "SDSP.csproj", "{0C9820A4-EB74-46E4-A608-A163427B11BE}"
EndProject
Global
	GlobalSection(SolutionConfigurationPlatforms) = preSolution
		Debug|Any CPU = Debug|Any CPU
		Debug|x64 = Debug|x64
		Release|Any CPU = Release|Any CPU
		Release|x64 = Release|x64
	EndGlobalSection
	GlobalSection(ProjectConfigurationPlatforms) = postSolution
		{0C9820A4-EB74-46E4-A608-A163427B11BE}.Debug|Any CPU.ActiveCfg = Debug|Any CPU
		{0C9820A4-EB74-46E4-A608-A163427B11BE}.Debug|Any CPU.Build.0 = Debug|Any CPU
		{0C9820A4-EB74-46E4-A608-A163427B11BE}.Debug|x64.ActiveCfg = Debug|x64
		{0C9820A4-EB74-46E4-A608-A163427B11BE}.Debug|x64.Build.0 = Debug|x64
		{0C9820A4-EB74-46E4-A608-A163427B11BE}.Release|Any CPU.ActiveCfg = Release|Any CPU
		{0C9820A4-EB74-46E4-A608-A163427B11BE}.Release|Any CPU.Build.0 = Release|Any CPU
		{0C9820A4-EB74-46E4-A608-A163427B11BE}.Release|x64.ActiveCfg = Release|x64
		{0C9820A4-EB74-46E4-A608-A163427B11BE}.Release|x64.Build.0 = Release|x64
	EndGlobalSection
	GlobalSection(SolutionProperties) = preSolution
		HideSolutionNode = FALSE
	EndGlobalSection
	GlobalSection(ExtensibilityGlobals) = postSolution
		SolutionGuid = {07F4AC4E-0B6D-4370-AEB2-90FC26C65085}
	EndGlobalSection
EndGlobal
